Microsoft Visual Studio Solution File, Format Version 12.00
# Visual Studio 2013
VisualStudioVersion = 12.0.40629.0
MinimumVisualStudioVersion = 10.0.40219.1
Project("{2150E333-8FDC-42A3-9474-1A3956D46DE8}") = "Solution Items", "Solution Items", "{F02F878C-EBF4-4E01-8210-509B1DFE72E9}"
	ProjectSection(SolutionItems) = preProject
		..\..\..\ADRIFT5\Certificate\CampbellWild.pfx = ..\..\..\ADRIFT5\Certificate\CampbellWild.pfx
	EndProjectSection
EndProject
Project("{F184B08F-C81C-45F6-A57F-5ABD9991F28F}") = "Developer", "ADRIFT\Developer.vbproj", "{07F1AC02-373C-44B3-AAFE-833795DB271A}"
EndProject
Project("{F184B08F-C81C-45F6-A57F-5ABD9991F28F}") = "Runner", "ADRIFT\Runner.vbproj", "{6018270F-2BA1-4DD5-9C18-15E074303EF5}"
EndProject
Project("{F184B08F-C81C-45F6-A57F-5ABD9991F28F}") = "MonoRunner", "ADRIFT\MonoRunner.vbproj", "{6F5D9725-E327-4DAD-9AD6-0067A957BDD2}"
EndProject
Project("{F184B08F-C81C-45F6-A57F-5ABD9991F28F}") = "WebRunner", "ADRIFT\WebRunner.vbproj", "{D7F11FEE-2D79-4F0E-8A60-85F645F14919}"
EndProject
Project("{6141683F-8A12-4E36-9623-2EB02B2C2303}") = "ADRIFTSetup", "ADRIFTSetup\ADRIFTSetup.isproj", "{2BD9D2E3-4A3D-4B99-9FBE-07DED3F0C521}"
EndProject
Global
	GlobalSection(SolutionConfigurationPlatforms) = preSolution
		Debug|Any CPU = Debug|Any CPU
		Debug|x86 = Debug|x86
		Release|Any CPU = Release|Any CPU
		Release|x86 = Release|x86
		SingleImage|Any CPU = SingleImage|Any CPU
		SingleImage|x86 = SingleImage|x86
	EndGlobalSection
	GlobalSection(ProjectConfigurationPlatforms) = postSolution
		{07F1AC02-373C-44B3-AAFE-833795DB271A}.Debug|Any CPU.ActiveCfg = Debug|x86
		{07F1AC02-373C-44B3-AAFE-833795DB271A}.Debug|Any CPU.Build.0 = Debug|x86
		{07F1AC02-373C-44B3-AAFE-833795DB271A}.Debug|x86.ActiveCfg = Debug|x86
		{07F1AC02-373C-44B3-AAFE-833795DB271A}.Debug|x86.Build.0 = Debug|x86
		{07F1AC02-373C-44B3-AAFE-833795DB271A}.Release|Any CPU.ActiveCfg = Release|Any CPU
		{07F1AC02-373C-44B3-AAFE-833795DB271A}.Release|Any CPU.Build.0 = Release|Any CPU
		{07F1AC02-373C-44B3-AAFE-833795DB271A}.Release|x86.ActiveCfg = Release|Any CPU
		{07F1AC02-373C-44B3-AAFE-833795DB271A}.Release|x86.Build.0 = Release|Any CPU
		{07F1AC02-373C-44B3-AAFE-833795DB271A}.SingleImage|Any CPU.ActiveCfg = Debug - Runner|Any CPU
		{07F1AC02-373C-44B3-AAFE-833795DB271A}.SingleImage|x86.ActiveCfg = Debug - Runner|x86
		{07F1AC02-373C-44B3-AAFE-833795DB271A}.SingleImage|x86.Build.0 = Debug - Runner|x86
		{6018270F-2BA1-4DD5-9C18-15E074303EF5}.Debug|Any CPU.ActiveCfg = Debug|x86
		{6018270F-2BA1-4DD5-9C18-15E074303EF5}.Debug|Any CPU.Build.0 = Debug|x86
		{6018270F-2BA1-4DD5-9C18-15E074303EF5}.Debug|x86.ActiveCfg = Debug|x86
		{6018270F-2BA1-4DD5-9C18-15E074303EF5}.Debug|x86.Build.0 = Debug|x86
		{6018270F-2BA1-4DD5-9C18-15E074303EF5}.Release|Any CPU.ActiveCfg = Release|Any CPU
		{6018270F-2BA1-4DD5-9C18-15E074303EF5}.Release|Any CPU.Build.0 = Release|Any CPU
		{6018270F-2BA1-4DD5-9C18-15E074303EF5}.Release|x86.ActiveCfg = Release|Any CPU
		{6018270F-2BA1-4DD5-9C18-15E074303EF5}.Release|x86.Build.0 = Release|Any CPU
		{6018270F-2BA1-4DD5-9C18-15E074303EF5}.SingleImage|Any CPU.ActiveCfg = Debug - Runner|Any CPU
		{6018270F-2BA1-4DD5-9C18-15E074303EF5}.SingleImage|x86.ActiveCfg = Debug - Runner|x86
		{6018270F-2BA1-4DD5-9C18-15E074303EF5}.SingleImage|x86.Build.0 = Debug - Runner|x86
		{6F5D9725-E327-4DAD-9AD6-0067A957BDD2}.Debug|Any CPU.ActiveCfg = Debug|x86
		{6F5D9725-E327-4DAD-9AD6-0067A957BDD2}.Debug|x86.ActiveCfg = Debug|x86
		{6F5D9725-E327-4DAD-9AD6-0067A957BDD2}.Debug|x86.Build.0 = Debug|x86
		{6F5D9725-E327-4DAD-9AD6-0067A957BDD2}.Release|Any CPU.ActiveCfg = Release|Any CPU
		{6F5D9725-E327-4DAD-9AD6-0067A957BDD2}.Release|Any CPU.Build.0 = Release|Any CPU
		{6F5D9725-E327-4DAD-9AD6-0067A957BDD2}.Release|x86.ActiveCfg = Release|x86
		{6F5D9725-E327-4DAD-9AD6-0067A957BDD2}.Release|x86.Build.0 = Release|x86
		{6F5D9725-E327-4DAD-9AD6-0067A957BDD2}.SingleImage|Any CPU.ActiveCfg = Debug|Any CPU
		{6F5D9725-E327-4DAD-9AD6-0067A957BDD2}.SingleImage|x86.ActiveCfg = Release|x86
		{6F5D9725-E327-4DAD-9AD6-0067A957BDD2}.SingleImage|x86.Build.0 = Release|x86
		{D7F11FEE-2D79-4F0E-8A60-85F645F14919}.Debug|Any CPU.ActiveCfg = Debug|Any CPU
		{D7F11FEE-2D79-4F0E-8A60-85F645F14919}.Debug|x86.ActiveCfg = Debug|Any CPU
		{D7F11FEE-2D79-4F0E-8A60-85F645F14919}.Release|Any CPU.ActiveCfg = Release|Any CPU
		{D7F11FEE-2D79-4F0E-8A60-85F645F14919}.Release|Any CPU.Build.0 = Release|Any CPU
		{D7F11FEE-2D79-4F0E-8A60-85F645F14919}.Release|x86.ActiveCfg = Release|Any CPU
		{D7F11FEE-2D79-4F0E-8A60-85F645F14919}.SingleImage|Any CPU.ActiveCfg = Release|Any CPU
		{D7F11FEE-2D79-4F0E-8A60-85F645F14919}.SingleImage|x86.ActiveCfg = Release|Any CPU
		{2BD9D2E3-4A3D-4B99-9FBE-07DED3F0C521}.Debug|Any CPU.ActiveCfg = SingleImage
		{2BD9D2E3-4A3D-4B99-9FBE-07DED3F0C521}.Debug|Any CPU.Build.0 = SingleImage
		{2BD9D2E3-4A3D-4B99-9FBE-07DED3F0C521}.Debug|x86.ActiveCfg = DVD-5
		{2BD9D2E3-4A3D-4B99-9FBE-07DED3F0C521}.Debug|x86.Build.0 = DVD-5
		{2BD9D2E3-4A3D-4B99-9FBE-07DED3F0C521}.Release|Any CPU.ActiveCfg = SingleImage
		{2BD9D2E3-4A3D-4B99-9FBE-07DED3F0C521}.Release|x86.ActiveCfg = SingleImage
		{2BD9D2E3-4A3D-4B99-9FBE-07DED3F0C521}.Release|x86.Build.0 = SingleImage
		{2BD9D2E3-4A3D-4B99-9FBE-07DED3F0C521}.SingleImage|Any CPU.ActiveCfg = SingleImage
		{2BD9D2E3-4A3D-4B99-9FBE-07DED3F0C521}.SingleImage|Any CPU.Build.0 = SingleImage
		{2BD9D2E3-4A3D-4B99-9FBE-07DED3F0C521}.SingleImage|x86.ActiveCfg = SingleImage
		{2BD9D2E3-4A3D-4B99-9FBE-07DED3F0C521}.SingleImage|x86.Build.0 = SingleImage
	EndGlobalSection
	GlobalSection(SolutionProperties) = preSolution
		HideSolutionNode = FALSE
	EndGlobalSection
EndGlobal
